
Microsoft Visual Studio Solution File, Format Version 12.00
# Visual Studio Version 17
VisualStudioVersion = 17.7.34009.444
MinimumVisualStudioVersion = 10.0.40219.1
Project("{FAE04EC0-301F-11D3-BF4B-00C04F79EFBC}") = "Dog", "Dog\Dog.csproj", "{4BC3C5F3-377B-4799-956D-3E96FCC3EE37}"
EndProject
Global
	GlobalSection(SolutionConfigurationPlatforms) = preSolution
		Debug|Any CPU = Debug|Any CPU
		Release|Any CPU = Release|Any CPU
	EndGlobalSection
	GlobalSection(ProjectConfigurationPlatforms) = postSolution
		{4BC3C5F3-377B-4799-956D-3E96FCC3EE37}.Debug|Any CPU.ActiveCfg = Debug|Any CPU
		{4BC3C5F3-377B-4799-956D-3E96FCC3EE37}.Debug|Any CPU.Build.0 = Debug|Any CPU
		{4BC3C5F3-377B-4799-956D-3E96FCC3EE37}.Release|Any CPU.ActiveCfg = Release|Any CPU
		{4BC3C5F3-377B-4799-956D-3E96FCC3EE37}.Release|Any CPU.Build.0 = Release|Any CPU
	EndGlobalSection
	GlobalSection(SolutionProperties) = preSolution
		HideSolutionNode = FALSE
	EndGlobalSection
	GlobalSection(ExtensibilityGlobals) = postSolution
		SolutionGuid = {9D2C6BF3-6EDF-48C2-A640-A6C0BFFAA0D7}
	EndGlobalSection
EndGlobal
